<?xml version="1.0" encoding="utf-8"?>
<Project ToolsVersion="4.0" xmlns="http://schemas.microsoft.com/developer/msbuild/2003">
  <ItemGroup>
    <Filter Include="Source Files">
      <UniqueIdentifier>{4FC737F1-C7A5-4376-A066-2A32D752A2FF}</UniqueIdentifier>
      <Extensions>cpp;c;cc;cxx;c++;cppm;ixx;def;odl;idl;hpj;bat;asm;asmx</Extensions>
    </Filter>
    <Filter Include="Header Files">
      <UniqueIdentifier>{93995380-89BD-4b04-88EB-625FBE52EBFB}</UniqueIdentifier>
      <Extensions>h;hh;hpp;hxx;h++;hm;inl;inc;ipp;xsd</Extensions>
    </Filter>
    <Filter Include="Resource Files">
      <UniqueIdentifier>{67DA6AB6-F800-4c08-8B7A-83BB121AAD01}</UniqueIdentifier>
      <Extensions>rc;ico;cur;bmp;dlg;rc2;rct;bin;rgs;gif;jpg;jpeg;jpe;resx;tiff;tif;png;wav;mfcribbon-ms</Extensions>
    </Filter>
    <Filter Include="Source Files\Strats">
      <UniqueIdentifier>{1d20c8bd-fe3a-4fc3-b51c-61d81ced48fc}</UniqueIdentifier>
    </Filter>
    <Filter Include="Source Files\Goals">
      <UniqueIdentifier>{3894d67a-7bbe-4e6d-966b-f09ba3902b2d}</UniqueIdentifier>
    </Filter>
    <Filter Include="Header Files\Goals">
      <UniqueIdentifier>{eecd0168-e7c4-4c33-b943-148b6882a7c4}</UniqueIdentifier>
    </Filter>
    <Filter Include="Header Files\Strategies">
      <UniqueIdentifier>{aee77fa6-60a1-44cb-af4f-d6ab28a03dcd}</UniqueIdentifier>
    </Filter>
    <Filter Include="Source Files\Utilities">
      <UniqueIdentifier>{8767cf17-5ccf-4fee-98cb-93d690b78c9c}</UniqueIdentifier>
    </Filter>
    <Filter Include="Header Files\Utilities">
      <UniqueIdentifier>{b4dd84d5-06a5-4668-b222-bce630a92c66}</UniqueIdentifier>
    </Filter>
  </ItemGroup>
  <ItemGroup>
    <ClInclude Include="GoalArriveAtPosition.h">
      <Filter>Header Files\Goals</Filter>
    </ClInclude>
    <ClInclude Include="GoalHarvestMineral.h">
      <Filter>Header Files\Goals</Filter>
    </ClInclude>
    <ClInclude Include="GoalMoveToPosition.h">
      <Filter>Header Files\Goals</Filter>
    </ClInclude>
    <ClInclude Include="GoalSeekToPosition.h">
      <Filter>Header Files\Goals</Filter>
    </ClInclude>
    <ClInclude Include="GoalWander.h">
      <Filter>Header Files\Goals</Filter>
    </ClInclude>
    <ClInclude Include="RavenGoToMineralStrategy.h">
      <Filter>Header Files\Strategies</Filter>
    </ClInclude>
    <ClInclude Include="RavenHarvestStrategy.h">
      <Filter>Header Files\Strategies</Filter>
    </ClInclude>
    <ClInclude Include="RavenHuntStrategy.h">
      <Filter>Header Files\Strategies</Filter>
    </ClInclude>
    <ClInclude Include="RavenStrategy.h">
      <Filter>Header Files\Strategies</Filter>
    </ClInclude>
    <ClInclude Include="Mineral.h">
      <Filter>Header Files\Utilities</Filter>
    </ClInclude>
    <ClInclude Include="Raven.h">
      <Filter>Header Files\Utilities</Filter>
    </ClInclude>
    <ClInclude Include="RavenStates.h">
      <Filter>Header Files\Utilities</Filter>
    </ClInclude>
    <ClInclude Include="SCV.h">
      <Filter>Header Files\Utilities</Filter>
    </ClInclude>
    <ClInclude Include="TileMap.h">
      <Filter>Header Files\Utilities</Filter>
    </ClInclude>
    <ClInclude Include="TypeIds.h">
      <Filter>Header Files\Utilities</Filter>
    </ClInclude>
    <ClInclude Include="VisualSensor.h">
      <Filter>Header Files\Utilities</Filter>
    </ClInclude>
    <ClInclude Include="RavenGoHomeStrategy.h">
      <Filter>Header Files\Strategies</Filter>
    </ClInclude>
  </ItemGroup>
  <ItemGroup>
    <ClCompile Include="RavenGoToMineralStrategy.cpp">
      <Filter>Source Files\Strats</Filter>
    </ClCompile>
    <ClCompile Include="RavenHarvestStrategy.cpp">
      <Filter>Source Files\Strats</Filter>
    </ClCompile>
    <ClCompile Include="RavenHuntStrategy.cpp">
      <Filter>Source Files\Strats</Filter>
    </ClCompile>
    <ClCompile Include="GoalArriveAtPosition.cpp">
      <Filter>Source Files\Goals</Filter>
    </ClCompile>
    <ClCompile Include="GoalHarvestMineral.cpp">
      <Filter>Source Files\Goals</Filter>
    </ClCompile>
    <ClCompile Include="GoalMoveToPosition.cpp">
      <Filter>Source Files\Goals</Filter>
    </ClCompile>
    <ClCompile Include="GoalSeekToPosition.cpp">
      <Filter>Source Files\Goals</Filter>
    </ClCompile>
    <ClCompile Include="GoalWander.cpp">
      <Filter>Source Files\Goals</Filter>
    </ClCompile>
    <ClCompile Include="RavenStrategy.cpp">
      <Filter>Source Files\Strats</Filter>
    </ClCompile>
    <ClCompile Include="Mineral.cpp">
      <Filter>Source Files\Utilities</Filter>
    </ClCompile>
    <ClCompile Include="Raven.cpp">
      <Filter>Source Files\Utilities</Filter>
    </ClCompile>
    <ClCompile Include="RavenStates.cpp">
      <Filter>Source Files\Utilities</Filter>
    </ClCompile>
    <ClCompile Include="SCV.cpp">
      <Filter>Source Files\Utilities</Filter>
    </ClCompile>
    <ClCompile Include="TileMap.cpp">
      <Filter>Source Files\Utilities</Filter>
    </ClCompile>
    <ClCompile Include="VisualSensor.cpp">
      <Filter>Source Files\Utilities</Filter>
    </ClCompile>
    <ClCompile Include="WinMain.cpp">
      <Filter>Source Files\Utilities</Filter>
    </ClCompile>
    <ClCompile Include="RavenGoHomeStrategy.cpp">
      <Filter>Source Files\Strats</Filter>
    </ClCompile>
  </ItemGroup>
</Project>