<?xml version="1.0" encoding="utf-8"?>
<Project ToolsVersion="4.0" xmlns="http://schemas.microsoft.com/developer/msbuild/2003">
  <ItemGroup>
    <Filter Include="Inc">
      <UniqueIdentifier>{b88b7fbd-51d0-42b2-b4f3-b7adbb77dbc1}</UniqueIdentifier>
    </Filter>
    <Filter Include="Src">
      <UniqueIdentifier>{5894cb29-59d6-44f5-828b-ce7bdb6d92e3}</UniqueIdentifier>
    </Filter>
    <Filter Include="Inc\Pathing">
      <UniqueIdentifier>{a8c51ea7-53ac-4ff4-a951-e293e629eaea}</UniqueIdentifier>
    </Filter>
    <Filter Include="Inc\Steering">
      <UniqueIdentifier>{ec45b6c0-9712-4dce-ac5e-6c30ccd6c61a}</UniqueIdentifier>
    </Filter>
    <Filter Include="Src\Steering">
      <UniqueIdentifier>{c4873db6-8703-4520-bb1d-8db0b8d4a7a3}</UniqueIdentifier>
    </Filter>
    <Filter Include="Src\Pathing">
      <UniqueIdentifier>{fc20c700-c648-4408-bb1c-9754bfeb5f27}</UniqueIdentifier>
    </Filter>
    <Filter Include="Inc\FSM">
      <UniqueIdentifier>{5cb64aa2-2173-408b-9c84-6e724ccb1e8b}</UniqueIdentifier>
    </Filter>
    <Filter Include="Inc\Perception">
      <UniqueIdentifier>{7041df33-4e15-4e02-a0f7-0b817c863514}</UniqueIdentifier>
    </Filter>
    <Filter Include="Src\Perception">
      <UniqueIdentifier>{5845fe60-c965-4de8-8748-5172415b3fc8}</UniqueIdentifier>
    </Filter>
    <Filter Include="Inc\GoalBasedDecision">
      <UniqueIdentifier>{98c54439-bc2c-4cde-bc5f-fdd9cccb7076}</UniqueIdentifier>
    </Filter>
  </ItemGroup>
  <ItemGroup>
    <ClInclude Include="Inc\AI.h">
      <Filter>Inc</Filter>
    </ClInclude>
    <ClInclude Include="Inc\Common.h">
      <Filter>Inc</Filter>
    </ClInclude>
    <ClInclude Include="Src\Precompiled.h">
      <Filter>Src</Filter>
    </ClInclude>
    <ClInclude Include="Inc\AStar.h">
      <Filter>Inc\Pathing</Filter>
    </ClInclude>
    <ClInclude Include="Inc\BFS.h">
      <Filter>Inc\Pathing</Filter>
    </ClInclude>
    <ClInclude Include="Inc\DFS.h">
      <Filter>Inc\Pathing</Filter>
    </ClInclude>
    <ClInclude Include="Inc\Dijkstra.h">
      <Filter>Inc\Pathing</Filter>
    </ClInclude>
    <ClInclude Include="Inc\GridBasedGraph.h">
      <Filter>Inc\Pathing</Filter>
    </ClInclude>
    <ClInclude Include="Inc\Agent.h">
      <Filter>Inc\Steering</Filter>
    </ClInclude>
    <ClInclude Include="Inc\Entity.h">
      <Filter>Inc\Steering</Filter>
    </ClInclude>
    <ClInclude Include="Inc\SteeringModule.h">
      <Filter>Inc\Steering</Filter>
    </ClInclude>
    <ClInclude Include="Inc\AIWorld.h">
      <Filter>Inc\Steering</Filter>
    </ClInclude>
    <ClInclude Include="Inc\State.h">
      <Filter>Inc\FSM</Filter>
    </ClInclude>
    <ClInclude Include="Inc\StateMachine.h">
      <Filter>Inc\FSM</Filter>
    </ClInclude>
    <ClInclude Include="Inc\SteeringBehaviour.h">
      <Filter>Inc\Steering</Filter>
    </ClInclude>
    <ClInclude Include="Inc\SeekBehaviour.h">
      <Filter>Inc\Steering</Filter>
    </ClInclude>
    <ClInclude Include="Inc\WanderBehaviour.h">
      <Filter>Inc\Steering</Filter>
    </ClInclude>
    <ClInclude Include="Inc\PursuitBehaviour.h">
      <Filter>Inc\Steering</Filter>
    </ClInclude>
    <ClInclude Include="Inc\GroupBehaviour.h">
      <Filter>Inc\Steering</Filter>
    </ClInclude>
    <ClInclude Include="Inc\Sensor.h">
      <Filter>Inc\Perception</Filter>
    </ClInclude>
    <ClInclude Include="Inc\PerceptionModule.h">
      <Filter>Inc\Perception</Filter>
    </ClInclude>
    <ClInclude Include="Inc\MemoryRecord.h">
      <Filter>Inc\Perception</Filter>
    </ClInclude>
    <ClInclude Include="Goal.h">
      <Filter>Inc\GoalBasedDecision</Filter>
    </ClInclude>
    <ClInclude Include="Inc\GoalComposite.h">
      <Filter>Inc\GoalBasedDecision</Filter>
    </ClInclude>
    <ClInclude Include="Inc\Strategy.h">
      <Filter>Inc\GoalBasedDecision</Filter>
    </ClInclude>
    <ClInclude Include="Inc\DeicisionModule.h">
      <Filter>Inc\GoalBasedDecision</Filter>
    </ClInclude>
  </ItemGroup>
  <ItemGroup>
    <ClCompile Include="Src\Precompiled.cpp">
      <Filter>Src</Filter>
    </ClCompile>
    <ClCompile Include="Src\AIWorld.cpp">
      <Filter>Src\Steering</Filter>
    </ClCompile>
    <ClCompile Include="Src\Entity.cpp">
      <Filter>Src\Steering</Filter>
    </ClCompile>
    <ClCompile Include="Src\SteeringModule.cpp">
      <Filter>Src\Steering</Filter>
    </ClCompile>
    <ClCompile Include="Src\AStar.cpp">
      <Filter>Src\Pathing</Filter>
    </ClCompile>
    <ClCompile Include="Src\BFS.cpp">
      <Filter>Src\Pathing</Filter>
    </ClCompile>
    <ClCompile Include="Src\DFS.cpp">
      <Filter>Src\Pathing</Filter>
    </ClCompile>
    <ClCompile Include="Src\Dijkstra.cpp">
      <Filter>Src\Pathing</Filter>
    </ClCompile>
    <ClCompile Include="Src\GridBasedGraph.cpp">
      <Filter>Src\Pathing</Filter>
    </ClCompile>
    <ClCompile Include="Src\SeekBehaviour.cpp">
      <Filter>Src\Steering</Filter>
    </ClCompile>
    <ClCompile Include="Src\WanderBehaviour.cpp">
      <Filter>Src\Steering</Filter>
    </ClCompile>
    <ClCompile Include="Src\PursuitBehaviour.cpp">
      <Filter>Src\Steering</Filter>
    </ClCompile>
    <ClCompile Include="Src\GroupBehaviour.cpp">
      <Filter>Src\Steering</Filter>
    </ClCompile>
    <ClCompile Include="Src\PerceptionModule.cpp">
      <Filter>Src\Perception</Filter>
    </ClCompile>
  </ItemGroup>
</Project>